# This file is generated by running "yarn install" inside your project.
# Manual changes might be lost - proceed with caution!

__metadata:
  version: 4
  cacheKey: 8

"@types/node@npm:^16.10.3":
  version: 16.10.3
  resolution: "@types/node@npm:16.10.3"
  checksum: 3fd429bce8a4acb497dcc62b536782a5e87ccf7cd91d64a78b263ae5d66cb72bf84be9eeeff6f84ae0567b065a40b267caa66d311f9e094990a5847bbd168a29
  languageName: node
  linkType: hard

typescript@^4.4.3:
  version: 4.4.3
  resolution: "typescript@npm:4.4.3"
  bin:
    tsc: bin/tsc
    tsserver: bin/tsserver
  checksum: 05823f21796d450531a7e4ab299715d38fd9ded0e4ce7400876053f4b5166ca3dde7a68cecfe72d9086039f03c0b6edba36516fb10ed83c5837d9600532ea4c2
  languageName: node
  linkType: hard

"typescript@patch:typescript@^4.4.3#~builtin<compat/typescript>":
  version: 4.4.3
  resolution: "typescript@patch:typescript@npm%3A4.4.3#~builtin<compat/typescript>::version=4.4.3&hash=ddd1e8"
  bin:
    tsc: bin/tsc
    tsserver: bin/tsserver
  checksum: 79f5c13d21c9dea3eb44d2b7002ff25a0569fefc432e083d65a360e3aca990aca25fc733e14aa6883b5e9a68e3e2f0330a34123e048806f91d701732ece00e6f
  languageName: node
  linkType: hard

"yarn-zipfs-bug@workspace:.":
  version: 0.0.0-use.local
  resolution: "yarn-zipfs-bug@workspace:."
  dependencies:
    "@types/node": ^16.10.3
    typescript: ^4.4.3
  languageName: unknown
  linkType: soft
